PODS:
  - FBSnapshotTestCase (2.1.4):
    - FBSnapshotTestCase/SwiftSupport (= 2.1.4)
  - FBSnapshotTestCase/Core (2.1.4)
  - FBSnapshotTestCase/SwiftSupport (2.1.4):
    - FBSnapshotTestCase/Core
  - MASlider (0.0.1)

DEPENDENCIES:
  - FBSnapshotTestCase
  - MASlider (from `../`)

EXTERNAL SOURCES:
  MASlider:
    :path: "../"

SPEC CHECKSUMS:
  FBSnapshotTestCase: '094f9f314decbabe373b87cc339bea235a63e07a'
  MASlider: 52ced01e0aaea40e00cf99c24a4da829dd94de02

PODFILE CHECKSUM: a314902f1fcaa2b5caff9475e3c2998addda0a7a

COCOAPODS: 1.2.0
